// !$*UTF8*$!
{
	archiveVersion = 1;
	classes = {
	};
	objectVersion = 52;
	objects = {

/* Begin PBXBuildFile section */
		6539CEB326416A43004A62AB /* Shared in Frameworks */ = {isa = PBXBuildFile; productRef = 6539CEB226416A43004A62AB /* Shared */; };
		659C4E0F26416CCF00B0EDAC /* Model in Frameworks */ = {isa = PBXBuildFile; productRef = 659C4E0E26416CCF00B0EDAC /* Model */; };
		65EA13182651D1FC00381CEE /* AppTests.swift in Sources */ = {isa = PBXBuildFile; fileRef = 65EA13172651D1FC00381CEE /* AppTests.swift */; };
		65EA13262651D20E00381CEE /* AppUITests.swift in Sources */ = {isa = PBXBuildFile; fileRef = 65EA13252651D20E00381CEE /* AppUITests.swift */; };
		E89AF67C2640FB7300C38370 /* SampleApp.swift in Sources */ = {isa = PBXBuildFile; fileRef = E89AF67B2640FB7300C38370 /* SampleApp.swift */; };
		E89AF67E2640FB7300C38370 /* ContentView.swift in Sources */ = {isa = PBXBuildFile; fileRef = E89AF67D2640FB7300C38370 /* ContentView.swift */; };
		E8B73DBF2653D9C100D19CFB /* ContactCell.swift in Sources */ = {isa = PBXBuildFile; fileRef = E8B73DBE2653D9C100D19CFB /* ContactCell.swift */; };
		E8B73DC12653DE6E00D19CFB /* ContactDetailsView.swift in Sources */ = {isa = PBXBuildFile; fileRef = E8B73DC02653DE6E00D19CFB /* ContactDetailsView.swift */; };
		E8B73DC32653E4BC00D19CFB /* ResidenceCell.swift in Sources */ = {isa = PBXBuildFile; fileRef = E8B73DC22653E4BC00D19CFB /* ResidenceCell.swift */; };
		E8FCF8C226540C69004C5E20 /* EditContactViewModel.swift in Sources */ = {isa = PBXBuildFile; fileRef = E8FCF8C126540C69004C5E20 /* EditContactViewModel.swift */; };
		E8FCF8C4265412F9004C5E20 /* EditResidenceViewModel.swift in Sources */ = {isa = PBXBuildFile; fileRef = E8FCF8C3265412F9004C5E20 /* EditResidenceViewModel.swift */; };
		E8FCF8C626541538004C5E20 /* EditContact.swift in Sources */ = {isa = PBXBuildFile; fileRef = E8FCF8C526541538004C5E20 /* EditContact.swift */; };
		E8FCF8CA265420E8004C5E20 /* EditResidence.swift in Sources */ = {isa = PBXBuildFile; fileRef = E8FCF8C9265420E8004C5E20 /* EditResidence.swift */; };
/* End PBXBuildFile section */

/* Begin PBXContainerItemProxy section */
		65EA131A2651D1FC00381CEE /* PBXContainerItemProxy */ = {
			isa = PBXContainerItemProxy;
			containerPortal = E89AF6702640FB7300C38370 /* Project object */;
			proxyType = 1;
			remoteGlobalIDString = E89AF6772640FB7300C38370;
			remoteInfo = App;
		};
		65EA13282651D20E00381CEE /* PBXContainerItemProxy */ = {
			isa = PBXContainerItemProxy;
			containerPortal = E89AF6702640FB7300C38370 /* Project object */;
			proxyType = 1;
			remoteGlobalIDString = E89AF6772640FB7300C38370;
			remoteInfo = App;
		};
/* End PBXContainerItemProxy section */

/* Begin PBXFileReference section */
		6539CEAD264167D0004A62AB /* ExampleModel */ = {isa = PBXFileReference; lastKnownFileType = text; path = ExampleModel; sourceTree = SOURCE_ROOT; };
		65EA13152651D1FC00381CEE /* AppTests.xctest */ = {isa = PBXFileReference; explicitFileType = wrapper.cfbundle; includeInIndex = 0; path = AppTests.xctest; sourceTree = BUILT_PRODUCTS_DIR; };
		65EA13172651D1FC00381CEE /* AppTests.swift */ = {isa = PBXFileReference; lastKnownFileType = sourcecode.swift; path = AppTests.swift; sourceTree = "<group>"; };
		65EA13232651D20E00381CEE /* AppUITests.xctest */ = {isa = PBXFileReference; explicitFileType = wrapper.cfbundle; includeInIndex = 0; path = AppUITests.xctest; sourceTree = BUILT_PRODUCTS_DIR; };
		65EA13252651D20E00381CEE /* AppUITests.swift */ = {isa = PBXFileReference; lastKnownFileType = sourcecode.swift; path = AppUITests.swift; sourceTree = "<group>"; };
		E89AF6782640FB7300C38370 /* App.app */ = {isa = PBXFileReference; explicitFileType = wrapper.application; includeInIndex = 0; path = App.app; sourceTree = BUILT_PRODUCTS_DIR; };
		E89AF67B2640FB7300C38370 /* SampleApp.swift */ = {isa = PBXFileReference; lastKnownFileType = sourcecode.swift; path = SampleApp.swift; sourceTree = "<group>"; };
		E89AF67D2640FB7300C38370 /* ContentView.swift */ = {isa = PBXFileReference; lastKnownFileType = sourcecode.swift; path = ContentView.swift; sourceTree = "<group>"; };
		E8B73DBE2653D9C100D19CFB /* ContactCell.swift */ = {isa = PBXFileReference; lastKnownFileType = sourcecode.swift; path = ContactCell.swift; sourceTree = "<group>"; };
		E8B73DC02653DE6E00D19CFB /* ContactDetailsView.swift */ = {isa = PBXFileReference; lastKnownFileType = sourcecode.swift; path = ContactDetailsView.swift; sourceTree = "<group>"; };
		E8B73DC22653E4BC00D19CFB /* ResidenceCell.swift */ = {isa = PBXFileReference; lastKnownFileType = sourcecode.swift; path = ResidenceCell.swift; sourceTree = "<group>"; };
		E8FCF8C126540C69004C5E20 /* EditContactViewModel.swift */ = {isa = PBXFileReference; lastKnownFileType = sourcecode.swift; path = EditContactViewModel.swift; sourceTree = "<group>"; };
		E8FCF8C3265412F9004C5E20 /* EditResidenceViewModel.swift */ = {isa = PBXFileReference; lastKnownFileType = sourcecode.swift; path = EditResidenceViewModel.swift; sourceTree = "<group>"; };
		E8FCF8C526541538004C5E20 /* EditContact.swift */ = {isa = PBXFileReference; lastKnownFileType = sourcecode.swift; path = EditContact.swift; sourceTree = "<group>"; };
		E8FCF8C9265420E8004C5E20 /* EditResidence.swift */ = {isa = PBXFileReference; lastKnownFileType = sourcecode.swift; path = EditResidence.swift; sourceTree = "<group>"; };
/* End PBXFileReference section */

/* Begin PBXFrameworksBuildPhase section */
		65EA13122651D1FC00381CEE /* Frameworks */ = {
			isa = PBXFrameworksBuildPhase;
			buildActionMask = 2147483647;
			files = (
			);
			runOnlyForDeploymentPostprocessing = 0;
		};
		65EA13202651D20E00381CEE /* Frameworks */ = {
			isa = PBXFrameworksBuildPhase;
			buildActionMask = 2147483647;
			files = (
			);
			runOnlyForDeploymentPostprocessing = 0;
		};
		E89AF6752640FB7300C38370 /* Frameworks */ = {
			isa = PBXFrameworksBuildPhase;
			buildActionMask = 2147483647;
			files = (
				659C4E0F26416CCF00B0EDAC /* Model in Frameworks */,
				6539CEB326416A43004A62AB /* Shared in Frameworks */,
			);
			runOnlyForDeploymentPostprocessing = 0;
		};
/* End PBXFrameworksBuildPhase section */

/* Begin PBXGroup section */
		65EA13162651D1FC00381CEE /* AppTests */ = {
			isa = PBXGroup;
			children = (
				65EA13172651D1FC00381CEE /* AppTests.swift */,
			);
			path = AppTests;
			sourceTree = "<group>";
		};
		65EA13242651D20E00381CEE /* AppUITests */ = {
			isa = PBXGroup;
			children = (
				65EA13252651D20E00381CEE /* AppUITests.swift */,
			);
			path = AppUITests;
			sourceTree = "<group>";
		};
		E89AF66F2640FB7300C38370 = {
			isa = PBXGroup;
			children = (
				E89AF67A2640FB7300C38370 /* App */,
				65EA13162651D1FC00381CEE /* AppTests */,
				65EA13242651D20E00381CEE /* AppUITests */,
				E89AF6792640FB7300C38370 /* Products */,
				E89AF69826411A9E00C38370 /* Frameworks */,
			);
			sourceTree = "<group>";
		};
		E89AF6792640FB7300C38370 /* Products */ = {
			isa = PBXGroup;
			children = (
				E89AF6782640FB7300C38370 /* App.app */,
				65EA13152651D1FC00381CEE /* AppTests.xctest */,
				65EA13232651D20E00381CEE /* AppUITests.xctest */,
			);
			name = Products;
			sourceTree = "<group>";
		};
		E89AF67A2640FB7300C38370 /* App */ = {
			isa = PBXGroup;
			children = (
				6539CEAD264167D0004A62AB /* ExampleModel */,
				E89AF67B2640FB7300C38370 /* SampleApp.swift */,
				E89AF67D2640FB7300C38370 /* ContentView.swift */,
				E8FCF8C126540C69004C5E20 /* EditContactViewModel.swift */,
				E8FCF8C526541538004C5E20 /* EditContact.swift */,
				E8FCF8C9265420E8004C5E20 /* EditResidence.swift */,
				E8FCF8C3265412F9004C5E20 /* EditResidenceViewModel.swift */,
				E8B73DC02653DE6E00D19CFB /* ContactDetailsView.swift */,
				E8B73DBE2653D9C100D19CFB /* ContactCell.swift */,
				E8B73DC22653E4BC00D19CFB /* ResidenceCell.swift */,
			);
			path = App;
			sourceTree = "<group>";
		};
		E89AF69826411A9E00C38370 /* Frameworks */ = {
			isa = PBXGroup;
			children = (
			);
			name = Frameworks;
			sourceTree = "<group>";
		};
/* End PBXGroup section */

/* Begin PBXNativeTarget section */
		65EA13142651D1FC00381CEE /* AppTests */ = {
			isa = PBXNativeTarget;
			buildConfigurationList = 65EA131E2651D1FC00381CEE /* Build configuration list for PBXNativeTarget "AppTests" */;
			buildPhases = (
				65EA13112651D1FC00381CEE /* Sources */,
				65EA13122651D1FC00381CEE /* Frameworks */,
				65EA13132651D1FC00381CEE /* Resources */,
			);
			buildRules = (
			);
			dependencies = (
				65EA131B2651D1FC00381CEE /* PBXTargetDependency */,
			);
			name = AppTests;
			productName = AppTests;
			productReference = 65EA13152651D1FC00381CEE /* AppTests.xctest */;
			productType = "com.apple.product-type.bundle.unit-test";
		};
		65EA13222651D20E00381CEE /* AppUITests */ = {
			isa = PBXNativeTarget;
			buildConfigurationList = 65EA132A2651D20E00381CEE /* Build configuration list for PBXNativeTarget "AppUITests" */;
			buildPhases = (
				65EA131F2651D20E00381CEE /* Sources */,
				65EA13202651D20E00381CEE /* Frameworks */,
				65EA13212651D20E00381CEE /* Resources */,
			);
			buildRules = (
			);
			dependencies = (
				65EA13292651D20E00381CEE /* PBXTargetDependency */,
			);
			name = AppUITests;
			productName = AppUITests;
			productReference = 65EA13232651D20E00381CEE /* AppUITests.xctest */;
			productType = "com.apple.product-type.bundle.ui-testing";
		};
		E89AF6772640FB7300C38370 /* App */ = {
			isa = PBXNativeTarget;
			buildConfigurationList = E89AF6872640FB7500C38370 /* Build configuration list for PBXNativeTarget "App" */;
			buildPhases = (
				E89AF6742640FB7300C38370 /* Sources */,
				E89AF6752640FB7300C38370 /* Frameworks */,
				E89AF6762640FB7300C38370 /* Resources */,
			);
			buildRules = (
			);
			dependencies = (
			);
			name = App;
			packageProductDependencies = (
				6539CEB226416A43004A62AB /* Shared */,
				659C4E0E26416CCF00B0EDAC /* Model */,
			);
			productName = SampleApp;
			productReference = E89AF6782640FB7300C38370 /* App.app */;
			productType = "com.apple.product-type.application";
		};
/* End PBXNativeTarget section */

/* Begin PBXProject section */
		E89AF6702640FB7300C38370 /* Project object */ = {
			isa = PBXProject;
			attributes = {
				LastSwiftUpdateCheck = 1250;
				LastUpgradeCheck = 1250;
				TargetAttributes = {
					65EA13142651D1FC00381CEE = {
						CreatedOnToolsVersion = 12.5;
						TestTargetID = E89AF6772640FB7300C38370;
					};
					65EA13222651D20E00381CEE = {
						CreatedOnToolsVersion = 12.5;
						TestTargetID = E89AF6772640FB7300C38370;
					};
					E89AF6772640FB7300C38370 = {
						CreatedOnToolsVersion = 12.5;
					};
				};
			};
			buildConfigurationList = E89AF6732640FB7300C38370 /* Build configuration list for PBXProject "App" */;
			compatibilityVersion = "Xcode 9.3";
			developmentRegion = en;
			hasScannedForEncodings = 0;
			knownRegions = (
				en,
				Base,
			);
			mainGroup = E89AF66F2640FB7300C38370;
			productRefGroup = E89AF6792640FB7300C38370 /* Products */;
			projectDirPath = "";
			projectRoot = "";
			targets = (
				E89AF6772640FB7300C38370 /* App */,
				65EA13142651D1FC00381CEE /* AppTests */,
				65EA13222651D20E00381CEE /* AppUITests */,
			);
		};
/* End PBXProject section */

/* Begin PBXResourcesBuildPhase section */
		65EA13132651D1FC00381CEE /* Resources */ = {
			isa = PBXResourcesBuildPhase;
			buildActionMask = 2147483647;
			files = (
			);
			runOnlyForDeploymentPostprocessing = 0;
		};
		65EA13212651D20E00381CEE /* Resources */ = {
			isa = PBXResourcesBuildPhase;
			buildActionMask = 2147483647;
			files = (
			);
			runOnlyForDeploymentPostprocessing = 0;
		};
		E89AF6762640FB7300C38370 /* Resources */ = {
			isa = PBXResourcesBuildPhase;
			buildActionMask = 2147483647;
			files = (
			);
			runOnlyForDeploymentPostprocessing = 0;
		};
/* End PBXResourcesBuildPhase section */

/* Begin PBXSourcesBuildPhase section */
		65EA13112651D1FC00381CEE /* Sources */ = {
			isa = PBXSourcesBuildPhase;
			buildActionMask = 2147483647;
			files = (
				65EA13182651D1FC00381CEE /* AppTests.swift in Sources */,
			);
			runOnlyForDeploymentPostprocessing = 0;
		};
		65EA131F2651D20E00381CEE /* Sources */ = {
			isa = PBXSourcesBuildPhase;
			buildActionMask = 2147483647;
			files = (
				65EA13262651D20E00381CEE /* AppUITests.swift in Sources */,
			);
			runOnlyForDeploymentPostprocessing = 0;
		};
		E89AF6742640FB7300C38370 /* Sources */ = {
			isa = PBXSourcesBuildPhase;
			buildActionMask = 2147483647;
			files = (
				E8B73DC12653DE6E00D19CFB /* ContactDetailsView.swift in Sources */,
				E8B73DBF2653D9C100D19CFB /* ContactCell.swift in Sources */,
				E8FCF8CA265420E8004C5E20 /* EditResidence.swift in Sources */,
				E8B73DC32653E4BC00D19CFB /* ResidenceCell.swift in Sources */,
				E8FCF8C226540C69004C5E20 /* EditContactViewModel.swift in Sources */,
				E89AF67E2640FB7300C38370 /* ContentView.swift in Sources */,
				E8FCF8C4265412F9004C5E20 /* EditResidenceViewModel.swift in Sources */,
				E8FCF8C626541538004C5E20 /* EditContact.swift in Sources */,
				E89AF67C2640FB7300C38370 /* SampleApp.swift in Sources */,
			);
			runOnlyForDeploymentPostprocessing = 0;
		};
/* End PBXSourcesBuildPhase section */

/* Begin PBXTargetDependency section */
		65EA131B2651D1FC00381CEE /* PBXTargetDependency */ = {
			isa = PBXTargetDependency;
			target = E89AF6772640FB7300C38370 /* App */;
			targetProxy = 65EA131A2651D1FC00381CEE /* PBXContainerItemProxy */;
		};
		65EA13292651D20E00381CEE /* PBXTargetDependency */ = {
			isa = PBXTargetDependency;
			target = E89AF6772640FB7300C38370 /* App */;
			targetProxy = 65EA13282651D20E00381CEE /* PBXContainerItemProxy */;
		};
/* End PBXTargetDependency section */

/* Begin XCBuildConfiguration section */
		65EA131C2651D1FC00381CEE /* Debug */ = {
			isa = XCBuildConfiguration;
			buildSettings = {
				BUNDLE_LOADER = "$(TEST_HOST)";
				CODE_SIGN_IDENTITY = "Apple Development";
				"CODE_SIGN_IDENTITY[sdk=macosx*]" = "Apple Development";
				CODE_SIGN_STYLE = Automatic;
				DEVELOPMENT_TEAM = "";
				GENERATE_INFOPLIST_FILE = YES;
				LD_RUNPATH_SEARCH_PATHS = (
					"$(inherited)",
					"@executable_path/Frameworks",
					"@loader_path/Frameworks",
				);
				PRODUCT_BUNDLE_IDENTIFIER = ase.in.tum.de.apptests;
				PRODUCT_NAME = "$(TARGET_NAME)";
				PROVISIONING_PROFILE_SPECIFIER = "";
				"PROVISIONING_PROFILE_SPECIFIER[sdk=macosx*]" = "";
				SWIFT_VERSION = 5.0;
				TARGETED_DEVICE_FAMILY = "1,2";
				TEST_HOST = "$(BUILT_PRODUCTS_DIR)/App.app/App";
			};
			name = Debug;
		};
		65EA131D2651D1FC00381CEE /* Release */ = {
			isa = XCBuildConfiguration;
			buildSettings = {
				BUNDLE_LOADER = "$(TEST_HOST)";
				CODE_SIGN_IDENTITY = "Apple Development";
				"CODE_SIGN_IDENTITY[sdk=macosx*]" = "Apple Development";
				CODE_SIGN_STYLE = Automatic;
				DEVELOPMENT_TEAM = "";
				GENERATE_INFOPLIST_FILE = YES;
				LD_RUNPATH_SEARCH_PATHS = (
					"$(inherited)",
					"@executable_path/Frameworks",
					"@loader_path/Frameworks",
				);
				PRODUCT_BUNDLE_IDENTIFIER = ase.in.tum.de.apptests;
				PRODUCT_NAME = "$(TARGET_NAME)";
				PROVISIONING_PROFILE_SPECIFIER = "";
				"PROVISIONING_PROFILE_SPECIFIER[sdk=macosx*]" = "";
				SWIFT_VERSION = 5.0;
				TARGETED_DEVICE_FAMILY = "1,2";
				TEST_HOST = "$(BUILT_PRODUCTS_DIR)/App.app/App";
			};
			name = Release;
		};
		65EA132B2651D20E00381CEE /* Debug */ = {
			isa = XCBuildConfiguration;
			buildSettings = {
				CODE_SIGN_STYLE = Automatic;
				DEVELOPMENT_TEAM = "";
				GENERATE_INFOPLIST_FILE = YES;
				LD_RUNPATH_SEARCH_PATHS = (
					"$(inherited)",
					"@executable_path/Frameworks",
					"@loader_path/Frameworks",
				);
				PRODUCT_BUNDLE_IDENTIFIER = ase.in.tum.de.appuitests;
				PRODUCT_NAME = "$(TARGET_NAME)";
				SWIFT_VERSION = 5.0;
				TARGETED_DEVICE_FAMILY = "1,2";
				TEST_TARGET_NAME = App;
			};
			name = Debug;
		};
		65EA132C2651D20E00381CEE /* Release */ = {
			isa = XCBuildConfiguration;
			buildSettings = {
				CODE_SIGN_STYLE = Automatic;
				DEVELOPMENT_TEAM = "";
				GENERATE_INFOPLIST_FILE = YES;
				LD_RUNPATH_SEARCH_PATHS = (
					"$(inherited)",
					"@executable_path/Frameworks",
					"@loader_path/Frameworks",
				);
				PRODUCT_BUNDLE_IDENTIFIER = ase.in.tum.de.appuitests;
				PRODUCT_NAME = "$(TARGET_NAME)";
				SWIFT_VERSION = 5.0;
				TARGETED_DEVICE_FAMILY = "1,2";
				TEST_TARGET_NAME = App;
			};
			name = Release;
		};
		E89AF6852640FB7500C38370 /* Debug */ = {
			isa = XCBuildConfiguration;
			buildSettings = {
				ALWAYS_SEARCH_USER_PATHS = NO;
				CLANG_ANALYZER_NONNULL = YES;
				CLANG_ANALYZER_NUMBER_OBJECT_CONVERSION = YES_AGGRESSIVE;
				CLANG_CXX_LANGUAGE_STANDARD = "gnu++14";
				CLANG_CXX_LIBRARY = "libc++";
				CLANG_ENABLE_MODULES = YES;
				CLANG_ENABLE_OBJC_ARC = YES;
				CLANG_ENABLE_OBJC_WEAK = YES;
				CLANG_WARN_BLOCK_CAPTURE_AUTORELEASING = YES;
				CLANG_WARN_BOOL_CONVERSION = YES;
				CLANG_WARN_COMMA = YES;
				CLANG_WARN_CONSTANT_CONVERSION = YES;
				CLANG_WARN_DEPRECATED_OBJC_IMPLEMENTATIONS = YES;
				CLANG_WARN_DIRECT_OBJC_ISA_USAGE = YES_ERROR;
				CLANG_WARN_DOCUMENTATION_COMMENTS = YES;
				CLANG_WARN_EMPTY_BODY = YES;
				CLANG_WARN_ENUM_CONVERSION = YES;
				CLANG_WARN_INFINITE_RECURSION = YES;
				CLANG_WARN_INT_CONVERSION = YES;
				CLANG_WARN_NON_LITERAL_NULL_CONVERSION = YES;
				CLANG_WARN_OBJC_IMPLICIT_RETAIN_SELF = YES;
				CLANG_WARN_OBJC_LITERAL_CONVERSION = YES;
				CLANG_WARN_OBJC_ROOT_CLASS = YES_ERROR;
				CLANG_WARN_QUOTED_INCLUDE_IN_FRAMEWORK_HEADER = YES;
				CLANG_WARN_RANGE_LOOP_ANALYSIS = YES;
				CLANG_WARN_STRICT_PROTOTYPES = YES;
				CLANG_WARN_SUSPICIOUS_MOVE = YES;
				CLANG_WARN_UNGUARDED_AVAILABILITY = YES_AGGRESSIVE;
				CLANG_WARN_UNREACHABLE_CODE = YES;
				CLANG_WARN__DUPLICATE_METHOD_MATCH = YES;
				COPY_PHASE_STRIP = NO;
				DEBUG_INFORMATION_FORMAT = dwarf;
				ENABLE_STRICT_OBJC_MSGSEND = YES;
				ENABLE_TESTABILITY = YES;
				GCC_C_LANGUAGE_STANDARD = gnu11;
				GCC_DYNAMIC_NO_PIC = NO;
				GCC_NO_COMMON_BLOCKS = YES;
				GCC_OPTIMIZATION_LEVEL = 0;
				GCC_PREPROCESSOR_DEFINITIONS = (
					"DEBUG=1",
					"$(inherited)",
				);
				GCC_WARN_64_TO_32_BIT_CONVERSION = YES;
				GCC_WARN_ABOUT_RETURN_TYPE = YES_ERROR;
				GCC_WARN_UNDECLARED_SELECTOR = YES;
				GCC_WARN_UNINITIALIZED_AUTOS = YES_AGGRESSIVE;
				GCC_WARN_UNUSED_FUNCTION = YES;
				GCC_WARN_UNUSED_VARIABLE = YES;
				IPHONEOS_DEPLOYMENT_TARGET = 15.0;
				MTL_ENABLE_DEBUG_INFO = INCLUDE_SOURCE;
				MTL_FAST_MATH = YES;
				ONLY_ACTIVE_ARCH = YES;
				SDKROOT = iphoneos;
				SWIFT_ACTIVE_COMPILATION_CONDITIONS = DEBUG;
				SWIFT_OPTIMIZATION_LEVEL = "-Onone";
			};
			name = Debug;
		};
		E89AF6862640FB7500C38370 /* Release */ = {
			isa = XCBuildConfiguration;
			buildSettings = {
				ALWAYS_SEARCH_USER_PATHS = NO;
				CLANG_ANALYZER_NONNULL = YES;
				CLANG_ANALYZER_NUMBER_OBJECT_CONVERSION = YES_AGGRESSIVE;
				CLANG_CXX_LANGUAGE_STANDARD = "gnu++14";
				CLANG_CXX_LIBRARY = "libc++";
				CLANG_ENABLE_MODULES = YES;
				CLANG_ENABLE_OBJC_ARC = YES;
				CLANG_ENABLE_OBJC_WEAK = YES;
				CLANG_WARN_BLOCK_CAPTURE_AUTORELEASING = YES;
				CLANG_WARN_BOOL_CONVERSION = YES;
				CLANG_WARN_COMMA = YES;
				CLANG_WARN_CONSTANT_CONVERSION = YES;
				CLANG_WARN_DEPRECATED_OBJC_IMPLEMENTATIONS = YES;
				CLANG_WARN_DIRECT_OBJC_ISA_USAGE = YES_ERROR;
				CLANG_WARN_DOCUMENTATION_COMMENTS = YES;
				CLANG_WARN_EMPTY_BODY = YES;
				CLANG_WARN_ENUM_CONVERSION = YES;
				CLANG_WARN_INFINITE_RECURSION = YES;
				CLANG_WARN_INT_CONVERSION = YES;
				CLANG_WARN_NON_LITERAL_NULL_CONVERSION = YES;
				CLANG_WARN_OBJC_IMPLICIT_RETAIN_SELF = YES;
				CLANG_WARN_OBJC_LITERAL_CONVERSION = YES;
				CLANG_WARN_OBJC_ROOT_CLASS = YES_ERROR;
				CLANG_WARN_QUOTED_INCLUDE_IN_FRAMEWORK_HEADER = YES;
				CLANG_WARN_RANGE_LOOP_ANALYSIS = YES;
				CLANG_WARN_STRICT_PROTOTYPES = YES;
				CLANG_WARN_SUSPICIOUS_MOVE = YES;
				CLANG_WARN_UNGUARDED_AVAILABILITY = YES_AGGRESSIVE;
				CLANG_WARN_UNREACHABLE_CODE = YES;
				CLANG_WARN__DUPLICATE_METHOD_MATCH = YES;
				COPY_PHASE_STRIP = NO;
				DEBUG_INFORMATION_FORMAT = "dwarf-with-dsym";
				ENABLE_NS_ASSERTIONS = NO;
				ENABLE_STRICT_OBJC_MSGSEND = YES;
				GCC_C_LANGUAGE_STANDARD = gnu11;
				GCC_NO_COMMON_BLOCKS = YES;
				GCC_WARN_64_TO_32_BIT_CONVERSION = YES;
				GCC_WARN_ABOUT_RETURN_TYPE = YES_ERROR;
				GCC_WARN_UNDECLARED_SELECTOR = YES;
				GCC_WARN_UNINITIALIZED_AUTOS = YES_AGGRESSIVE;
				GCC_WARN_UNUSED_FUNCTION = YES;
				GCC_WARN_UNUSED_VARIABLE = YES;
				IPHONEOS_DEPLOYMENT_TARGET = 15.0;
				MTL_ENABLE_DEBUG_INFO = NO;
				MTL_FAST_MATH = YES;
				SDKROOT = iphoneos;
				SWIFT_COMPILATION_MODE = wholemodule;
				SWIFT_OPTIMIZATION_LEVEL = "-O";
				VALIDATE_PRODUCT = YES;
			};
			name = Release;
		};
		E89AF6882640FB7500C38370 /* Debug */ = {
			isa = XCBuildConfiguration;
			buildSettings = {
				ASSETCATALOG_COMPILER_APPICON_NAME = AppIcon;
				ASSETCATALOG_COMPILER_GLOBAL_ACCENT_COLOR_NAME = AccentColor;
				CODE_SIGN_IDENTITY = "Don't Code Sign";
				CODE_SIGN_STYLE = Manual;
				CURRENT_PROJECT_VERSION = 1;
				DEVELOPMENT_ASSET_PATHS = "";
				DEVELOPMENT_TEAM = "";
				ENABLE_PREVIEWS = YES;
				GENERATE_INFOPLIST_FILE = YES;
				INFOPLIST_KEY_UIApplicationSceneManifest_Generation = YES;
				INFOPLIST_KEY_UIApplicationSupportsIndirectInputEvents = YES;
				INFOPLIST_KEY_UILaunchScreen_Generation = YES;
				INFOPLIST_KEY_UISupportedInterfaceOrientations_iPad = "UIInterfaceOrientationPortrait UIInterfaceOrientationPortraitUpsideDown UIInterfaceOrientationLandscapeLeft UIInterfaceOrientationLandscapeRight";
				INFOPLIST_KEY_UISupportedInterfaceOrientations_iPhone = "UIInterfaceOrientationPortrait UIInterfaceOrientationLandscapeLeft UIInterfaceOrientationLandscapeRight";
				IPHONEOS_DEPLOYMENT_TARGET = 15.0;
				LD_RUNPATH_SEARCH_PATHS = (
					"$(inherited)",
					"@executable_path/Frameworks",
				);
				MARKETING_VERSION = 1.0;
				PRODUCT_BUNDLE_IDENTIFIER = ase.in.tum.de.app;
				PRODUCT_NAME = "$(TARGET_NAME)";
				PROVISIONING_PROFILE_SPECIFIER = "";
				SWIFT_VERSION = 5.0;
				TARGETED_DEVICE_FAMILY = "1,2";
			};
			name = Debug;
		};
		E89AF6892640FB7500C38370 /* Release */ = {
			isa = XCBuildConfiguration;
			buildSettings = {
				ASSETCATALOG_COMPILER_APPICON_NAME = AppIcon;
				ASSETCATALOG_COMPILER_GLOBAL_ACCENT_COLOR_NAME = AccentColor;
				CODE_SIGN_IDENTITY = "Don't Code Sign";
				CODE_SIGN_STYLE = Manual;
				CURRENT_PROJECT_VERSION = 1;
				DEVELOPMENT_ASSET_PATHS = "";
				DEVELOPMENT_TEAM = "";
				ENABLE_PREVIEWS = YES;
				GENERATE_INFOPLIST_FILE = YES;
				INFOPLIST_KEY_UIApplicationSceneManifest_Generation = YES;
				INFOPLIST_KEY_UIApplicationSupportsIndirectInputEvents = YES;
				INFOPLIST_KEY_UILaunchScreen_Generation = YES;
				INFOPLIST_KEY_UISupportedInterfaceOrientations_iPad = "UIInterfaceOrientationPortrait UIInterfaceOrientationPortraitUpsideDown UIInterfaceOrientationLandscapeLeft UIInterfaceOrientationLandscapeRight";
				INFOPLIST_KEY_UISupportedInterfaceOrientations_iPhone = "UIInterfaceOrientationPortrait UIInterfaceOrientationLandscapeLeft UIInterfaceOrientationLandscapeRight";
				IPHONEOS_DEPLOYMENT_TARGET = 15.0;
				LD_RUNPATH_SEARCH_PATHS = (
					"$(inherited)",
					"@executable_path/Frameworks",
				);
				MARKETING_VERSION = 1.0;
				PRODUCT_BUNDLE_IDENTIFIER = ase.in.tum.de.app;
				PRODUCT_NAME = "$(TARGET_NAME)";
				PROVISIONING_PROFILE_SPECIFIER = "";
				SWIFT_VERSION = 5.0;
				TARGETED_DEVICE_FAMILY = "1,2";
			};
			name = Release;
		};
/* End XCBuildConfiguration section */

/* Begin XCConfigurationList section */
		65EA131E2651D1FC00381CEE /* Build configuration list for PBXNativeTarget "AppTests" */ = {
			isa = XCConfigurationList;
			buildConfigurations = (
				65EA131C2651D1FC00381CEE /* Debug */,
				65EA131D2651D1FC00381CEE /* Release */,
			);
			defaultConfigurationIsVisible = 0;
			defaultConfigurationName = Release;
		};
		65EA132A2651D20E00381CEE /* Build configuration list for PBXNativeTarget "AppUITests" */ = {
			isa = XCConfigurationList;
			buildConfigurations = (
				65EA132B2651D20E00381CEE /* Debug */,
				65EA132C2651D20E00381CEE /* Release */,
			);
			defaultConfigurationIsVisible = 0;
			defaultConfigurationName = Release;
		};
		E89AF6732640FB7300C38370 /* Build configuration list for PBXProject "App" */ = {
			isa = XCConfigurationList;
			buildConfigurations = (
				E89AF6852640FB7500C38370 /* Debug */,
				E89AF6862640FB7500C38370 /* Release */,
			);
			defaultConfigurationIsVisible = 0;
			defaultConfigurationName = Release;
		};
		E89AF6872640FB7500C38370 /* Build configuration list for PBXNativeTarget "App" */ = {
			isa = XCConfigurationList;
			buildConfigurations = (
				E89AF6882640FB7500C38370 /* Debug */,
				E89AF6892640FB7500C38370 /* Release */,
			);
			defaultConfigurationIsVisible = 0;
			defaultConfigurationName = Release;
		};
/* End XCConfigurationList section */

/* Begin XCSwiftPackageProductDependency section */
		6539CEB226416A43004A62AB /* Shared */ = {
			isa = XCSwiftPackageProductDependency;
			productName = Shared;
		};
		659C4E0E26416CCF00B0EDAC /* Model */ = {
			isa = XCSwiftPackageProductDependency;
			productName = Model;
		};
/* End XCSwiftPackageProductDependency section */
	};
	rootObject = E89AF6702640FB7300C38370 /* Project object */;
}
