{
  "object": {
    "pins": [
      {
        "package": "async-kit",
        "repositoryURL": "https://github.com/vapor/async-kit.git",
        "state": {
          "branch": null,
          "revision": "e2f741640364c1d271405da637029ea6a33f754e",
          "version": "1.11.1"
        }
      },
      {
        "package": "BCrypt",
        "repositoryURL": "https://github.com/vapor-community/bcrypt.git",
        "state": {
          "branch": null,
          "revision": "a36b6f0381f2edb9fb32b8882ebc801ba8db10ef",
          "version": "1.1.1"
        }
      },
      {
        "package": "Bits",
        "repositoryURL": "https://github.com/vapor/bits.git",
        "state": {
          "branch": null,
          "revision": "03079476b04139a8b744ad96f975176df5ae12bc",
          "version": "1.1.1"
        }
      },
      {
        "package": "Core",
        "repositoryURL": "https://github.com/vapor/core.git",
        "state": {
          "branch": null,
          "revision": "aa15871311b497a24a7f0e96b1ae6865dd600818",
          "version": "2.2.1"
        }
      },
      {
        "package": "Debugging",
        "repositoryURL": "https://github.com/vapor/debugging.git",
        "state": {
          "branch": null,
          "revision": "fc5a27d6eb236141dc24e5f14eedaa2e035ae7b3",
          "version": "1.1.1"
        }
      },
      {
        "package": "fluent-kit",
        "repositoryURL": "https://github.com/vapor/fluent-kit.git",
        "state": {
          "branch": null,
<<<<<<< HEAD
          "revision": "d5273e8d050c51dd7e1d3a4dab08fe32ec9ffffa",
          "version": "1.20.0"
=======
          "revision": "63c13b1fcc5266d35df676a8e75bbb602497f12b",
          "version": "1.23.4"
>>>>>>> develop
        }
      },
      {
        "package": "jwt-kit",
        "repositoryURL": "https://github.com/vapor/jwt-kit.git",
        "state": {
          "branch": null,
<<<<<<< HEAD
          "revision": "1822bb0abf0a31a4b5078ec19061c548835253b5",
          "version": "4.3.0"
=======
          "revision": "5f9c44d4c196cc06c3fc601f279169f121d6f62d",
          "version": "4.4.0"
>>>>>>> develop
        }
      },
      {
        "package": "Random",
        "repositoryURL": "https://github.com/vapor/random.git",
        "state": {
          "branch": null,
          "revision": "d7c4397d125caba795d14d956efacfe2a27a63d0",
          "version": "1.2.0"
        }
      },
      {
        "package": "sql-kit",
        "repositoryURL": "https://github.com/vapor/sql-kit.git",
        "state": {
          "branch": null,
<<<<<<< HEAD
          "revision": "9cc30f8cef132e91a07e36005612b37f918731fc",
          "version": "3.16.0"
=======
          "revision": "afc74d888649f2b2a2f8cc7963be5eb179409610",
          "version": "3.17.0"
>>>>>>> develop
        }
      },
      {
        "package": "swift-crypto",
        "repositoryURL": "https://github.com/apple/swift-crypto.git",
        "state": {
          "branch": null,
<<<<<<< HEAD
          "revision": "a8911e0fadc25aef1071d582355bd1037a176060",
          "version": "2.0.4"
=======
          "revision": "067254c79435de759aeef4a6a03e43d087d61312",
          "version": "2.0.5"
>>>>>>> develop
        }
      },
      {
        "package": "swift-log",
        "repositoryURL": "https://github.com/apple/swift-log.git",
        "state": {
          "branch": null,
          "revision": "5d66f7ba25daf4f94100e7022febf3c75e37a6c7",
          "version": "1.4.2"
        }
      },
      {
        "package": "swift-nio",
        "repositoryURL": "https://github.com/apple/swift-nio.git",
        "state": {
          "branch": null,
<<<<<<< HEAD
          "revision": "51c3fc2e4a0fcdf4a25089b288dd65b73df1b0ef",
          "version": "2.37.0"
=======
          "revision": "d6e3762e0a5f7ede652559f53623baf11006e17c",
          "version": "2.39.0"
>>>>>>> develop
        }
      }
    ]
  },
  "version": 1
}
